
Microsoft Visual Studio Solution File, Format Version 12.00
# Visual Studio Version 16
VisualStudioVersion = 16.0.30621.155
MinimumVisualStudioVersion = 10.0.40219.1
Project("{FAE04EC0-301F-11D3-BF4B-00C04F79EFBC}") = "Robot_Vs_DinosZ", "Robot_Vs_DinosZ\Robot_Vs_DinosZ.csproj", "{352971DA-D24C-46F5-8527-7F21DD73EAC6}"
EndProject
Global
	GlobalSection(SolutionConfigurationPlatforms) = preSolution
		Debug|Any CPU = Debug|Any CPU
		Release|Any CPU = Release|Any CPU
	EndGlobalSection
	GlobalSection(ProjectConfigurationPlatforms) = postSolution
		{352971DA-D24C-46F5-8527-7F21DD73EAC6}.Debug|Any CPU.ActiveCfg = Debug|Any CPU
		{352971DA-D24C-46F5-8527-7F21DD73EAC6}.Debug|Any CPU.Build.0 = Debug|Any CPU
		{352971DA-D24C-46F5-8527-7F21DD73EAC6}.Release|Any CPU.ActiveCfg = Release|Any CPU
		{352971DA-D24C-46F5-8527-7F21DD73EAC6}.Release|Any CPU.Build.0 = Release|Any CPU
	EndGlobalSection
	GlobalSection(SolutionProperties) = preSolution
		HideSolutionNode = FALSE
	EndGlobalSection
	GlobalSection(ExtensibilityGlobals) = postSolution
		SolutionGuid = {4AE49A0A-B957-4AD2-B8E1-179AA9947638}
	EndGlobalSection
EndGlobal
